PODS:
  - FillableLoaders (1.3.0)
  - HanekeSwift (0.10.1)
  - SwiftGifOrigin (1.6.1)

DEPENDENCIES:
  - FillableLoaders (~> 1.3.0)
  - HanekeSwift
  - SwiftGifOrigin (~> 1.6.1)

SPEC CHECKSUMS:
  FillableLoaders: 4decb0c33ce84a7da0da7be6b0fb15a87cb9906b
  HanekeSwift: 08e47d3d0f2899ec58e5d257beba0de619aca9e8
  SwiftGifOrigin: d6679d3ebe9df2e049a84bc52582635107b581f6

PODFILE CHECKSUM: a1e30100b5c7d459a7f0f33a27c727f2241b86c1

COCOAPODS: 1.3.1
